// !$*UTF8*$!
{
	archiveVersion = 1;
	classes = {
	};
	objectVersion = 50;
	objects = {

/* Begin PBXBuildFile section */
		30BFC63D21D0AD5C00BFADC3 /* AppDelegate.swift in Sources */ = {isa = PBXBuildFile; fileRef = 30BFC63C21D0AD5C00BFADC3 /* AppDelegate.swift */; };
		30BFC63F21D0AD5D00BFADC3 /* ViewController.swift in Sources */ = {isa = PBXBuildFile; fileRef = 30BFC63E21D0AD5D00BFADC3 /* ViewController.swift */; };
		30BFC64221D0AD5D00BFADC3 /* Main.storyboard in Resources */ = {isa = PBXBuildFile; fileRef = 30BFC64021D0AD5D00BFADC3 /* Main.storyboard */; };
		30BFC64421D0AD6A00BFADC3 /* Assets.xcassets in Resources */ = {isa = PBXBuildFile; fileRef = 30BFC64321D0AD6A00BFADC3 /* Assets.xcassets */; };
		30BFC64721D0AD6B00BFADC3 /* LaunchScreen.storyboard in Resources */ = {isa = PBXBuildFile; fileRef = 30BFC64521D0AD6B00BFADC3 /* LaunchScreen.storyboard */; };
		30BFC65221D0AD6B00BFADC3 /* XGCycleCardTests.swift in Sources */ = {isa = PBXBuildFile; fileRef = 30BFC65121D0AD6B00BFADC3 /* XGCycleCardTests.swift */; };
		30BFC65D21D0AD6B00BFADC3 /* XGCycleCardUITests.swift in Sources */ = {isa = PBXBuildFile; fileRef = 30BFC65C21D0AD6B00BFADC3 /* XGCycleCardUITests.swift */; };
		30BFC7A921D315FE00BFADC3 /* CardCollectionViewCell.swift in Sources */ = {isa = PBXBuildFile; fileRef = 30BFC7A721D315FE00BFADC3 /* CardCollectionViewCell.swift */; };
		30BFC7AA21D315FE00BFADC3 /* CardCollectionViewCell.xib in Resources */ = {isa = PBXBuildFile; fileRef = 30BFC7A821D315FE00BFADC3 /* CardCollectionViewCell.xib */; };
		30BFC7AC21D3270400BFADC3 /* Header.swift in Sources */ = {isa = PBXBuildFile; fileRef = 30BFC7AB21D3270400BFADC3 /* Header.swift */; };
		30BFC7AE21D350FA00BFADC3 /* CyclicCardFlowLayout.swift in Sources */ = {isa = PBXBuildFile; fileRef = 30BFC7AD21D350F900BFADC3 /* CyclicCardFlowLayout.swift */; };
		30BFC7B021D3526200BFADC3 /* CardCycleView.swift in Sources */ = {isa = PBXBuildFile; fileRef = 30BFC7AF21D3526200BFADC3 /* CardCycleView.swift */; };
/* End PBXBuildFile section */

/* Begin PBXContainerItemProxy section */
		30BFC64E21D0AD6B00BFADC3 /* PBXContainerItemProxy */ = {
			isa = PBXContainerItemProxy;
			containerPortal = 30BFC63121D0AD5C00BFADC3 /* Project object */;
			proxyType = 1;
			remoteGlobalIDString = 30BFC63821D0AD5C00BFADC3;
			remoteInfo = XGCycleCard;
		};
		30BFC65921D0AD6B00BFADC3 /* PBXContainerItemProxy */ = {
			isa = PBXContainerItemProxy;
			containerPortal = 30BFC63121D0AD5C00BFADC3 /* Project object */;
			proxyType = 1;
			remoteGlobalIDString = 30BFC63821D0AD5C00BFADC3;
			remoteInfo = XGCycleCard;
		};
/* End PBXContainerItemProxy section */

/* Begin PBXFileReference section */
		30BFC63921D0AD5C00BFADC3 /* XGCycleCard.app */ = {isa = PBXFileReference; explicitFileType = wrapper.application; includeInIndex = 0; path = XGCycleCard.app; sourceTree = BUILT_PRODUCTS_DIR; };
		30BFC63C21D0AD5C00BFADC3 /* AppDelegate.swift */ = {isa = PBXFileReference; lastKnownFileType = sourcecode.swift; path = AppDelegate.swift; sourceTree = "<group>"; };
		30BFC63E21D0AD5D00BFADC3 /* ViewController.swift */ = {isa = PBXFileReference; lastKnownFileType = sourcecode.swift; path = ViewController.swift; sourceTree = "<group>"; };
		30BFC64121D0AD5D00BFADC3 /* Base */ = {isa = PBXFileReference; lastKnownFileType = file.storyboard; name = Base; path = Base.lproj/Main.storyboard; sourceTree = "<group>"; };
		30BFC64321D0AD6A00BFADC3 /* Assets.xcassets */ = {isa = PBXFileReference; lastKnownFileType = folder.assetcatalog; path = Assets.xcassets; sourceTree = "<group>"; };
		30BFC64621D0AD6B00BFADC3 /* Base */ = {isa = PBXFileReference; lastKnownFileType = file.storyboard; name = Base; path = Base.lproj/LaunchScreen.storyboard; sourceTree = "<group>"; };
		30BFC64821D0AD6B00BFADC3 /* Info.plist */ = {isa = PBXFileReference; lastKnownFileType = text.plist.xml; path = Info.plist; sourceTree = "<group>"; };
		30BFC64D21D0AD6B00BFADC3 /* XGCycleCardTests.xctest */ = {isa = PBXFileReference; explicitFileType = wrapper.cfbundle; includeInIndex = 0; path = XGCycleCardTests.xctest; sourceTree = BUILT_PRODUCTS_DIR; };
		30BFC65121D0AD6B00BFADC3 /* XGCycleCardTests.swift */ = {isa = PBXFileReference; lastKnownFileType = sourcecode.swift; path = XGCycleCardTests.swift; sourceTree = "<group>"; };
		30BFC65321D0AD6B00BFADC3 /* Info.plist */ = {isa = PBXFileReference; lastKnownFileType = text.plist.xml; path = Info.plist; sourceTree = "<group>"; };
		30BFC65821D0AD6B00BFADC3 /* XGCycleCardUITests.xctest */ = {isa = PBXFileReference; explicitFileType = wrapper.cfbundle; includeInIndex = 0; path = XGCycleCardUITests.xctest; sourceTree = BUILT_PRODUCTS_DIR; };
		30BFC65C21D0AD6B00BFADC3 /* XGCycleCardUITests.swift */ = {isa = PBXFileReference; lastKnownFileType = sourcecode.swift; path = XGCycleCardUITests.swift; sourceTree = "<group>"; };
		30BFC65E21D0AD6B00BFADC3 /* Info.plist */ = {isa = PBXFileReference; lastKnownFileType = text.plist.xml; path = Info.plist; sourceTree = "<group>"; };
		30BFC7A721D315FE00BFADC3 /* CardCollectionViewCell.swift */ = {isa = PBXFileReference; lastKnownFileType = sourcecode.swift; path = CardCollectionViewCell.swift; sourceTree = "<group>"; };
		30BFC7A821D315FE00BFADC3 /* CardCollectionViewCell.xib */ = {isa = PBXFileReference; lastKnownFileType = file.xib; path = CardCollectionViewCell.xib; sourceTree = "<group>"; };
		30BFC7AB21D3270400BFADC3 /* Header.swift */ = {isa = PBXFileReference; fileEncoding = 4; lastKnownFileType = sourcecode.swift; path = Header.swift; sourceTree = "<group>"; };
		30BFC7AD21D350F900BFADC3 /* CyclicCardFlowLayout.swift */ = {isa = PBXFileReference; fileEncoding = 4; lastKnownFileType = sourcecode.swift; path = CyclicCardFlowLayout.swift; sourceTree = "<group>"; };
		30BFC7AF21D3526200BFADC3 /* CardCycleView.swift */ = {isa = PBXFileReference; lastKnownFileType = sourcecode.swift; path = CardCycleView.swift; sourceTree = "<group>"; };
/* End PBXFileReference section */

/* Begin PBXFrameworksBuildPhase section */
		30BFC63621D0AD5C00BFADC3 /* Frameworks */ = {
			isa = PBXFrameworksBuildPhase;
			buildActionMask = 2147483647;
			files = (
			);
			runOnlyForDeploymentPostprocessing = 0;
		};
		30BFC64A21D0AD6B00BFADC3 /* Frameworks */ = {
			isa = PBXFrameworksBuildPhase;
			buildActionMask = 2147483647;
			files = (
			);
			runOnlyForDeploymentPostprocessing = 0;
		};
		30BFC65521D0AD6B00BFADC3 /* Frameworks */ = {
			isa = PBXFrameworksBuildPhase;
			buildActionMask = 2147483647;
			files = (
			);
			runOnlyForDeploymentPostprocessing = 0;
		};
/* End PBXFrameworksBuildPhase section */

/* Begin PBXGroup section */
		30BFC63021D0AD5C00BFADC3 = {
			isa = PBXGroup;
			children = (
				30BFC63B21D0AD5C00BFADC3 /* XGCycleCard */,
				30BFC65021D0AD6B00BFADC3 /* XGCycleCardTests */,
				30BFC65B21D0AD6B00BFADC3 /* XGCycleCardUITests */,
				30BFC63A21D0AD5C00BFADC3 /* Products */,
			);
			sourceTree = "<group>";
		};
		30BFC63A21D0AD5C00BFADC3 /* Products */ = {
			isa = PBXGroup;
			children = (
				30BFC63921D0AD5C00BFADC3 /* XGCycleCard.app */,
				30BFC64D21D0AD6B00BFADC3 /* XGCycleCardTests.xctest */,
				30BFC65821D0AD6B00BFADC3 /* XGCycleCardUITests.xctest */,
			);
			name = Products;
			sourceTree = "<group>";
		};
		30BFC63B21D0AD5C00BFADC3 /* XGCycleCard */ = {
			isa = PBXGroup;
			children = (
				30BFC63C21D0AD5C00BFADC3 /* AppDelegate.swift */,
				30BFC63E21D0AD5D00BFADC3 /* ViewController.swift */,
				30BFC7B121D45EE600BFADC3 /* CardCycle */,
				30BFC64021D0AD5D00BFADC3 /* Main.storyboard */,
				30BFC64321D0AD6A00BFADC3 /* Assets.xcassets */,
				30BFC64521D0AD6B00BFADC3 /* LaunchScreen.storyboard */,
				30BFC64821D0AD6B00BFADC3 /* Info.plist */,
			);
			path = XGCycleCard;
			sourceTree = "<group>";
		};
		30BFC65021D0AD6B00BFADC3 /* XGCycleCardTests */ = {
			isa = PBXGroup;
			children = (
				30BFC65121D0AD6B00BFADC3 /* XGCycleCardTests.swift */,
				30BFC65321D0AD6B00BFADC3 /* Info.plist */,
			);
			path = XGCycleCardTests;
			sourceTree = "<group>";
		};
		30BFC65B21D0AD6B00BFADC3 /* XGCycleCardUITests */ = {
			isa = PBXGroup;
			children = (
				30BFC65C21D0AD6B00BFADC3 /* XGCycleCardUITests.swift */,
				30BFC65E21D0AD6B00BFADC3 /* Info.plist */,
			);
			path = XGCycleCardUITests;
			sourceTree = "<group>";
		};
		30BFC7B121D45EE600BFADC3 /* CardCycle */ = {
			isa = PBXGroup;
			children = (
				30BFC7AB21D3270400BFADC3 /* Header.swift */,
				30BFC7AF21D3526200BFADC3 /* CardCycleView.swift */,
				30BFC7AD21D350F900BFADC3 /* CyclicCardFlowLayout.swift */,
				30BFC7A721D315FE00BFADC3 /* CardCollectionViewCell.swift */,
				30BFC7A821D315FE00BFADC3 /* CardCollectionViewCell.xib */,
			);
			path = CardCycle;
			sourceTree = "<group>";
		};
/* End PBXGroup section */

/* Begin PBXNativeTarget section */
		30BFC63821D0AD5C00BFADC3 /* XGCycleCard */ = {
			isa = PBXNativeTarget;
			buildConfigurationList = 30BFC66121D0AD6B00BFADC3 /* Build configuration list for PBXNativeTarget "XGCycleCard" */;
			buildPhases = (
				30BFC63521D0AD5C00BFADC3 /* Sources */,
				30BFC63621D0AD5C00BFADC3 /* Frameworks */,
				30BFC63721D0AD5C00BFADC3 /* Resources */,
			);
			buildRules = (
			);
			dependencies = (
			);
			name = XGCycleCard;
			productName = XGCycleCard;
			productReference = 30BFC63921D0AD5C00BFADC3 /* XGCycleCard.app */;
			productType = "com.apple.product-type.application";
		};
		30BFC64C21D0AD6B00BFADC3 /* XGCycleCardTests */ = {
			isa = PBXNativeTarget;
			buildConfigurationList = 30BFC66421D0AD6B00BFADC3 /* Build configuration list for PBXNativeTarget "XGCycleCardTests" */;
			buildPhases = (
				30BFC64921D0AD6B00BFADC3 /* Sources */,
				30BFC64A21D0AD6B00BFADC3 /* Frameworks */,
				30BFC64B21D0AD6B00BFADC3 /* Resources */,
			);
			buildRules = (
			);
			dependencies = (
				30BFC64F21D0AD6B00BFADC3 /* PBXTargetDependency */,
			);
			name = XGCycleCardTests;
			productName = XGCycleCardTests;
			productReference = 30BFC64D21D0AD6B00BFADC3 /* XGCycleCardTests.xctest */;
			productType = "com.apple.product-type.bundle.unit-test";
		};
		30BFC65721D0AD6B00BFADC3 /* XGCycleCardUITests */ = {
			isa = PBXNativeTarget;
			buildConfigurationList = 30BFC66721D0AD6B00BFADC3 /* Build configuration list for PBXNativeTarget "XGCycleCardUITests" */;
			buildPhases = (
				30BFC65421D0AD6B00BFADC3 /* Sources */,
				30BFC65521D0AD6B00BFADC3 /* Frameworks */,
				30BFC65621D0AD6B00BFADC3 /* Resources */,
			);
			buildRules = (
			);
			dependencies = (
				30BFC65A21D0AD6B00BFADC3 /* PBXTargetDependency */,
			);
			name = XGCycleCardUITests;
			productName = XGCycleCardUITests;
			productReference = 30BFC65821D0AD6B00BFADC3 /* XGCycleCardUITests.xctest */;
			productType = "com.apple.product-type.bundle.ui-testing";
		};
/* End PBXNativeTarget section */

/* Begin PBXProject section */
		30BFC63121D0AD5C00BFADC3 /* Project object */ = {
			isa = PBXProject;
			attributes = {
				LastSwiftUpdateCheck = 1010;
				LastUpgradeCheck = 1010;
				ORGANIZATIONNAME = xgh;
				TargetAttributes = {
					30BFC63821D0AD5C00BFADC3 = {
						CreatedOnToolsVersion = 10.1;
					};
					30BFC64C21D0AD6B00BFADC3 = {
						CreatedOnToolsVersion = 10.1;
						TestTargetID = 30BFC63821D0AD5C00BFADC3;
					};
					30BFC65721D0AD6B00BFADC3 = {
						CreatedOnToolsVersion = 10.1;
						TestTargetID = 30BFC63821D0AD5C00BFADC3;
					};
				};
			};
			buildConfigurationList = 30BFC63421D0AD5C00BFADC3 /* Build configuration list for PBXProject "XGCycleCard" */;
			compatibilityVersion = "Xcode 9.3";
			developmentRegion = en;
			hasScannedForEncodings = 0;
			knownRegions = (
				en,
				Base,
			);
			mainGroup = 30BFC63021D0AD5C00BFADC3;
			productRefGroup = 30BFC63A21D0AD5C00BFADC3 /* Products */;
			projectDirPath = "";
			projectRoot = "";
			targets = (
				30BFC63821D0AD5C00BFADC3 /* XGCycleCard */,
				30BFC64C21D0AD6B00BFADC3 /* XGCycleCardTests */,
				30BFC65721D0AD6B00BFADC3 /* XGCycleCardUITests */,
			);
		};
/* End PBXProject section */

/* Begin PBXResourcesBuildPhase section */
		30BFC63721D0AD5C00BFADC3 /* Resources */ = {
			isa = PBXResourcesBuildPhase;
			buildActionMask = 2147483647;
			files = (
				30BFC7AA21D315FE00BFADC3 /* CardCollectionViewCell.xib in Resources */,
				30BFC64721D0AD6B00BFADC3 /* LaunchScreen.storyboard in Resources */,
				30BFC64421D0AD6A00BFADC3 /* Assets.xcassets in Resources */,
				30BFC64221D0AD5D00BFADC3 /* Main.storyboard in Resources */,
			);
			runOnlyForDeploymentPostprocessing = 0;
		};
		30BFC64B21D0AD6B00BFADC3 /* Resources */ = {
			isa = PBXResourcesBuildPhase;
			buildActionMask = 2147483647;
			files = (
			);
			runOnlyForDeploymentPostprocessing = 0;
		};
		30BFC65621D0AD6B00BFADC3 /* Resources */ = {
			isa = PBXResourcesBuildPhase;
			buildActionMask = 2147483647;
			files = (
			);
			runOnlyForDeploymentPostprocessing = 0;
		};
/* End PBXResourcesBuildPhase section */

/* Begin PBXSourcesBuildPhase section */
		30BFC63521D0AD5C00BFADC3 /* Sources */ = {
			isa = PBXSourcesBuildPhase;
			buildActionMask = 2147483647;
			files = (
				30BFC7AC21D3270400BFADC3 /* Header.swift in Sources */,
				30BFC7B021D3526200BFADC3 /* CardCycleView.swift in Sources */,
				30BFC63F21D0AD5D00BFADC3 /* ViewController.swift in Sources */,
				30BFC7A921D315FE00BFADC3 /* CardCollectionViewCell.swift in Sources */,
				30BFC7AE21D350FA00BFADC3 /* CyclicCardFlowLayout.swift in Sources */,
				30BFC63D21D0AD5C00BFADC3 /* AppDelegate.swift in Sources */,
			);
			runOnlyForDeploymentPostprocessing = 0;
		};
		30BFC64921D0AD6B00BFADC3 /* Sources */ = {
			isa = PBXSourcesBuildPhase;
			buildActionMask = 2147483647;
			files = (
				30BFC65221D0AD6B00BFADC3 /* XGCycleCardTests.swift in Sources */,
			);
			runOnlyForDeploymentPostprocessing = 0;
		};
		30BFC65421D0AD6B00BFADC3 /* Sources */ = {
			isa = PBXSourcesBuildPhase;
			buildActionMask = 2147483647;
			files = (
				30BFC65D21D0AD6B00BFADC3 /* XGCycleCardUITests.swift in Sources */,
			);
			runOnlyForDeploymentPostprocessing = 0;
		};
/* End PBXSourcesBuildPhase section */

/* Begin PBXTargetDependency section */
		30BFC64F21D0AD6B00BFADC3 /* PBXTargetDependency */ = {
			isa = PBXTargetDependency;
			target = 30BFC63821D0AD5C00BFADC3 /* XGCycleCard */;
			targetProxy = 30BFC64E21D0AD6B00BFADC3 /* PBXContainerItemProxy */;
		};
		30BFC65A21D0AD6B00BFADC3 /* PBXTargetDependency */ = {
			isa = PBXTargetDependency;
			target = 30BFC63821D0AD5C00BFADC3 /* XGCycleCard */;
			targetProxy = 30BFC65921D0AD6B00BFADC3 /* PBXContainerItemProxy */;
		};
/* End PBXTargetDependency section */

/* Begin PBXVariantGroup section */
		30BFC64021D0AD5D00BFADC3 /* Main.storyboard */ = {
			isa = PBXVariantGroup;
			children = (
				30BFC64121D0AD5D00BFADC3 /* Base */,
			);
			name = Main.storyboard;
			sourceTree = "<group>";
		};
		30BFC64521D0AD6B00BFADC3 /* LaunchScreen.storyboard */ = {
			isa = PBXVariantGroup;
			children = (
				30BFC64621D0AD6B00BFADC3 /* Base */,
			);
			name = LaunchScreen.storyboard;
			sourceTree = "<group>";
		};
/* End PBXVariantGroup section */

/* Begin XCBuildConfiguration section */
		30BFC65F21D0AD6B00BFADC3 /* Debug */ = {
			isa = XCBuildConfiguration;
			buildSettings = {
				ALWAYS_SEARCH_USER_PATHS = NO;
				CLANG_ANALYZER_NONNULL = YES;
				CLANG_ANALYZER_NUMBER_OBJECT_CONVERSION = YES_AGGRESSIVE;
				CLANG_CXX_LANGUAGE_STANDARD = "gnu++14";
				CLANG_CXX_LIBRARY = "libc++";
				CLANG_ENABLE_MODULES = YES;
				CLANG_ENABLE_OBJC_ARC = YES;
				CLANG_ENABLE_OBJC_WEAK = YES;
				CLANG_WARN_BLOCK_CAPTURE_AUTORELEASING = YES;
				CLANG_WARN_BOOL_CONVERSION = YES;
				CLANG_WARN_COMMA = YES;
				CLANG_WARN_CONSTANT_CONVERSION = YES;
				CLANG_WARN_DEPRECATED_OBJC_IMPLEMENTATIONS = YES;
				CLANG_WARN_DIRECT_OBJC_ISA_USAGE = YES_ERROR;
				CLANG_WARN_DOCUMENTATION_COMMENTS = YES;
				CLANG_WARN_EMPTY_BODY = YES;
				CLANG_WARN_ENUM_CONVERSION = YES;
				CLANG_WARN_INFINITE_RECURSION = YES;
				CLANG_WARN_INT_CONVERSION = YES;
				CLANG_WARN_NON_LITERAL_NULL_CONVERSION = YES;
				CLANG_WARN_OBJC_IMPLICIT_RETAIN_SELF = YES;
				CLANG_WARN_OBJC_LITERAL_CONVERSION = YES;
				CLANG_WARN_OBJC_ROOT_CLASS = YES_ERROR;
				CLANG_WARN_RANGE_LOOP_ANALYSIS = YES;
				CLANG_WARN_STRICT_PROTOTYPES = YES;
				CLANG_WARN_SUSPICIOUS_MOVE = YES;
				CLANG_WARN_UNGUARDED_AVAILABILITY = YES_AGGRESSIVE;
				CLANG_WARN_UNREACHABLE_CODE = YES;
				CLANG_WARN__DUPLICATE_METHOD_MATCH = YES;
				CODE_SIGN_IDENTITY = "iPhone Developer";
				COPY_PHASE_STRIP = NO;
				DEBUG_INFORMATION_FORMAT = dwarf;
				ENABLE_STRICT_OBJC_MSGSEND = YES;
				ENABLE_TESTABILITY = YES;
				GCC_C_LANGUAGE_STANDARD = gnu11;
				GCC_DYNAMIC_NO_PIC = NO;
				GCC_NO_COMMON_BLOCKS = YES;
				GCC_OPTIMIZATION_LEVEL = 0;
				GCC_PREPROCESSOR_DEFINITIONS = (
					"DEBUG=1",
					"$(inherited)",
				);
				GCC_WARN_64_TO_32_BIT_CONVERSION = YES;
				GCC_WARN_ABOUT_RETURN_TYPE = YES_ERROR;
				GCC_WARN_UNDECLARED_SELECTOR = YES;
				GCC_WARN_UNINITIALIZED_AUTOS = YES_AGGRESSIVE;
				GCC_WARN_UNUSED_FUNCTION = YES;
				GCC_WARN_UNUSED_VARIABLE = YES;
				IPHONEOS_DEPLOYMENT_TARGET = 12.1;
				MTL_ENABLE_DEBUG_INFO = INCLUDE_SOURCE;
				MTL_FAST_MATH = YES;
				ONLY_ACTIVE_ARCH = YES;
				SDKROOT = iphoneos;
				SWIFT_ACTIVE_COMPILATION_CONDITIONS = DEBUG;
				SWIFT_OPTIMIZATION_LEVEL = "-Onone";
			};
			name = Debug;
		};
		30BFC66021D0AD6B00BFADC3 /* Release */ = {
			isa = XCBuildConfiguration;
			buildSettings = {
				ALWAYS_SEARCH_USER_PATHS = NO;
				CLANG_ANALYZER_NONNULL = YES;
				CLANG_ANALYZER_NUMBER_OBJECT_CONVERSION = YES_AGGRESSIVE;
				CLANG_CXX_LANGUAGE_STANDARD = "gnu++14";
				CLANG_CXX_LIBRARY = "libc++";
				CLANG_ENABLE_MODULES = YES;
				CLANG_ENABLE_OBJC_ARC = YES;
				CLANG_ENABLE_OBJC_WEAK = YES;
				CLANG_WARN_BLOCK_CAPTURE_AUTORELEASING = YES;
				CLANG_WARN_BOOL_CONVERSION = YES;
				CLANG_WARN_COMMA = YES;
				CLANG_WARN_CONSTANT_CONVERSION = YES;
				CLANG_WARN_DEPRECATED_OBJC_IMPLEMENTATIONS = YES;
				CLANG_WARN_DIRECT_OBJC_ISA_USAGE = YES_ERROR;
				CLANG_WARN_DOCUMENTATION_COMMENTS = YES;
				CLANG_WARN_EMPTY_BODY = YES;
				CLANG_WARN_ENUM_CONVERSION = YES;
				CLANG_WARN_INFINITE_RECURSION = YES;
				CLANG_WARN_INT_CONVERSION = YES;
				CLANG_WARN_NON_LITERAL_NULL_CONVERSION = YES;
				CLANG_WARN_OBJC_IMPLICIT_RETAIN_SELF = YES;
				CLANG_WARN_OBJC_LITERAL_CONVERSION = YES;
				CLANG_WARN_OBJC_ROOT_CLASS = YES_ERROR;
				CLANG_WARN_RANGE_LOOP_ANALYSIS = YES;
				CLANG_WARN_STRICT_PROTOTYPES = YES;
				CLANG_WARN_SUSPICIOUS_MOVE = YES;
				CLANG_WARN_UNGUARDED_AVAILABILITY = YES_AGGRESSIVE;
				CLANG_WARN_UNREACHABLE_CODE = YES;
				CLANG_WARN__DUPLICATE_METHOD_MATCH = YES;
				CODE_SIGN_IDENTITY = "iPhone Developer";
				COPY_PHASE_STRIP = NO;
				DEBUG_INFORMATION_FORMAT = "dwarf-with-dsym";
				ENABLE_NS_ASSERTIONS = NO;
				ENABLE_STRICT_OBJC_MSGSEND = YES;
				GCC_C_LANGUAGE_STANDARD = gnu11;
				GCC_NO_COMMON_BLOCKS = YES;
				GCC_WARN_64_TO_32_BIT_CONVERSION = YES;
				GCC_WARN_ABOUT_RETURN_TYPE = YES_ERROR;
				GCC_WARN_UNDECLARED_SELECTOR = YES;
				GCC_WARN_UNINITIALIZED_AUTOS = YES_AGGRESSIVE;
				GCC_WARN_UNUSED_FUNCTION = YES;
				GCC_WARN_UNUSED_VARIABLE = YES;
				IPHONEOS_DEPLOYMENT_TARGET = 12.1;
				MTL_ENABLE_DEBUG_INFO = NO;
				MTL_FAST_MATH = YES;
				SDKROOT = iphoneos;
				SWIFT_COMPILATION_MODE = wholemodule;
				SWIFT_OPTIMIZATION_LEVEL = "-O";
				VALIDATE_PRODUCT = YES;
			};
			name = Release;
		};
		30BFC66221D0AD6B00BFADC3 /* Debug */ = {
			isa = XCBuildConfiguration;
			buildSettings = {
				ASSETCATALOG_COMPILER_APPICON_NAME = AppIcon;
				CODE_SIGN_STYLE = Automatic;
				DEVELOPMENT_TEAM = PT9GWJ3A54;
				INFOPLIST_FILE = XGCycleCard/Info.plist;
				IPHONEOS_DEPLOYMENT_TARGET = 9.0;
				LD_RUNPATH_SEARCH_PATHS = (
					"$(inherited)",
					"@executable_path/Frameworks",
				);
				PRODUCT_BUNDLE_IDENTIFIER = com.huidekang.XGCycleCard;
				PRODUCT_NAME = "$(TARGET_NAME)";
				SWIFT_VERSION = 4.2;
				TARGETED_DEVICE_FAMILY = "1,2";
			};
			name = Debug;
		};
		30BFC66321D0AD6B00BFADC3 /* Release */ = {
			isa = XCBuildConfiguration;
			buildSettings = {
				ASSETCATALOG_COMPILER_APPICON_NAME = AppIcon;
				CODE_SIGN_STYLE = Automatic;
				DEVELOPMENT_TEAM = PT9GWJ3A54;
				INFOPLIST_FILE = XGCycleCard/Info.plist;
				IPHONEOS_DEPLOYMENT_TARGET = 9.0;
				LD_RUNPATH_SEARCH_PATHS = (
					"$(inherited)",
					"@executable_path/Frameworks",
				);
				PRODUCT_BUNDLE_IDENTIFIER = com.huidekang.XGCycleCard;
				PRODUCT_NAME = "$(TARGET_NAME)";
				SWIFT_VERSION = 4.2;
				TARGETED_DEVICE_FAMILY = "1,2";
			};
			name = Release;
		};
		30BFC66521D0AD6B00BFADC3 /* Debug */ = {
			isa = XCBuildConfiguration;
			buildSettings = {
				ALWAYS_EMBED_SWIFT_STANDARD_LIBRARIES = YES;
				BUNDLE_LOADER = "$(TEST_HOST)";
				CODE_SIGN_STYLE = Automatic;
				DEVELOPMENT_TEAM = PT9GWJ3A54;
				INFOPLIST_FILE = XGCycleCardTests/Info.plist;
				LD_RUNPATH_SEARCH_PATHS = (
					"$(inherited)",
					"@executable_path/Frameworks",
					"@loader_path/Frameworks",
				);
				PRODUCT_BUNDLE_IDENTIFIER = com.huidekang.XGCycleCardTests;
				PRODUCT_NAME = "$(TARGET_NAME)";
				SWIFT_VERSION = 4.2;
				TARGETED_DEVICE_FAMILY = "1,2";
				TEST_HOST = "$(BUILT_PRODUCTS_DIR)/XGCycleCard.app/XGCycleCard";
			};
			name = Debug;
		};
		30BFC66621D0AD6B00BFADC3 /* Release */ = {
			isa = XCBuildConfiguration;
			buildSettings = {
				ALWAYS_EMBED_SWIFT_STANDARD_LIBRARIES = YES;
				BUNDLE_LOADER = "$(TEST_HOST)";
				CODE_SIGN_STYLE = Automatic;
				DEVELOPMENT_TEAM = PT9GWJ3A54;
				INFOPLIST_FILE = XGCycleCardTests/Info.plist;
				LD_RUNPATH_SEARCH_PATHS = (
					"$(inherited)",
					"@executable_path/Frameworks",
					"@loader_path/Frameworks",
				);
				PRODUCT_BUNDLE_IDENTIFIER = com.huidekang.XGCycleCardTests;
				PRODUCT_NAME = "$(TARGET_NAME)";
				SWIFT_VERSION = 4.2;
				TARGETED_DEVICE_FAMILY = "1,2";
				TEST_HOST = "$(BUILT_PRODUCTS_DIR)/XGCycleCard.app/XGCycleCard";
			};
			name = Release;
		};
		30BFC66821D0AD6B00BFADC3 /* Debug */ = {
			isa = XCBuildConfiguration;
			buildSettings = {
				ALWAYS_EMBED_SWIFT_STANDARD_LIBRARIES = YES;
				CODE_SIGN_STYLE = Automatic;
				DEVELOPMENT_TEAM = PT9GWJ3A54;
				INFOPLIST_FILE = XGCycleCardUITests/Info.plist;
				LD_RUNPATH_SEARCH_PATHS = (
					"$(inherited)",
					"@executable_path/Frameworks",
					"@loader_path/Frameworks",
				);
				PRODUCT_BUNDLE_IDENTIFIER = com.huidekang.XGCycleCardUITests;
				PRODUCT_NAME = "$(TARGET_NAME)";
				SWIFT_VERSION = 4.2;
				TARGETED_DEVICE_FAMILY = "1,2";
				TEST_TARGET_NAME = XGCycleCard;
			};
			name = Debug;
		};
		30BFC66921D0AD6B00BFADC3 /* Release */ = {
			isa = XCBuildConfiguration;
			buildSettings = {
				ALWAYS_EMBED_SWIFT_STANDARD_LIBRARIES = YES;
				CODE_SIGN_STYLE = Automatic;
				DEVELOPMENT_TEAM = PT9GWJ3A54;
				INFOPLIST_FILE = XGCycleCardUITests/Info.plist;
				LD_RUNPATH_SEARCH_PATHS = (
					"$(inherited)",
					"@executable_path/Frameworks",
					"@loader_path/Frameworks",
				);
				PRODUCT_BUNDLE_IDENTIFIER = com.huidekang.XGCycleCardUITests;
				PRODUCT_NAME = "$(TARGET_NAME)";
				SWIFT_VERSION = 4.2;
				TARGETED_DEVICE_FAMILY = "1,2";
				TEST_TARGET_NAME = XGCycleCard;
			};
			name = Release;
		};
/* End XCBuildConfiguration section */

/* Begin XCConfigurationList section */
		30BFC63421D0AD5C00BFADC3 /* Build configuration list for PBXProject "XGCycleCard" */ = {
			isa = XCConfigurationList;
			buildConfigurations = (
				30BFC65F21D0AD6B00BFADC3 /* Debug */,
				30BFC66021D0AD6B00BFADC3 /* Release */,
			);
			defaultConfigurationIsVisible = 0;
			defaultConfigurationName = Release;
		};
		30BFC66121D0AD6B00BFADC3 /* Build configuration list for PBXNativeTarget "XGCycleCard" */ = {
			isa = XCConfigurationList;
			buildConfigurations = (
				30BFC66221D0AD6B00BFADC3 /* Debug */,
				30BFC66321D0AD6B00BFADC3 /* Release */,
			);
			defaultConfigurationIsVisible = 0;
			defaultConfigurationName = Release;
		};
		30BFC66421D0AD6B00BFADC3 /* Build configuration list for PBXNativeTarget "XGCycleCardTests" */ = {
			isa = XCConfigurationList;
			buildConfigurations = (
				30BFC66521D0AD6B00BFADC3 /* Debug */,
				30BFC66621D0AD6B00BFADC3 /* Release */,
			);
			defaultConfigurationIsVisible = 0;
			defaultConfigurationName = Release;
		};
		30BFC66721D0AD6B00BFADC3 /* Build configuration list for PBXNativeTarget "XGCycleCardUITests" */ = {
			isa = XCConfigurationList;
			buildConfigurations = (
				30BFC66821D0AD6B00BFADC3 /* Debug */,
				30BFC66921D0AD6B00BFADC3 /* Release */,
			);
			defaultConfigurationIsVisible = 0;
			defaultConfigurationName = Release;
		};
/* End XCConfigurationList section */
	};
	rootObject = 30BFC63121D0AD5C00BFADC3 /* Project object */;
}
